
Microsoft Visual Studio Solution File, Format Version 12.00
# Visual Studio 2012
Project("{FAE04EC0-301F-11D3-BF4B-00C04F79EFBC}") = "ImageResizer", "ImageResizer\ImageResizer.csproj", "{D21DE671-50C3-40E6-8401-93341B602F0B}"
EndProject
Project("{FAE04EC0-301F-11D3-BF4B-00C04F79EFBC}") = "ImageResizeLib", "ImageResizeLib\ImageResizeLib.csproj", "{430A788B-5B21-4A3E-B2DA-52F80D27A202}"
EndProject
Global
	GlobalSection(SolutionConfigurationPlatforms) = preSolution
		Debug|Any CPU = Debug|Any CPU
		Release|Any CPU = Release|Any CPU
	EndGlobalSection
	GlobalSection(ProjectConfigurationPlatforms) = postSolution
		{D21DE671-50C3-40E6-8401-93341B602F0B}.Debug|Any CPU.ActiveCfg = Debug|Any CPU
		{D21DE671-50C3-40E6-8401-93341B602F0B}.Debug|Any CPU.Build.0 = Debug|Any CPU
		{D21DE671-50C3-40E6-8401-93341B602F0B}.Release|Any CPU.ActiveCfg = Release|Any CPU
		{D21DE671-50C3-40E6-8401-93341B602F0B}.Release|Any CPU.Build.0 = Release|Any CPU
		{430A788B-5B21-4A3E-B2DA-52F80D27A202}.Debug|Any CPU.ActiveCfg = Debug|Any CPU
		{430A788B-5B21-4A3E-B2DA-52F80D27A202}.Debug|Any CPU.Build.0 = Debug|Any CPU
		{430A788B-5B21-4A3E-B2DA-52F80D27A202}.Release|Any CPU.ActiveCfg = Release|Any CPU
		{430A788B-5B21-4A3E-B2DA-52F80D27A202}.Release|Any CPU.Build.0 = Release|Any CPU
	EndGlobalSection
	GlobalSection(SolutionProperties) = preSolution
		HideSolutionNode = FALSE
	EndGlobalSection
EndGlobal
